
Microsoft Visual Studio Solution File, Format Version 12.00
# Visual Studio Version 17
VisualStudioVersion = 17.5.33516.290
MinimumVisualStudioVersion = 10.0.40219.1
Project("{FAE04EC0-301F-11D3-BF4B-00C04F79EFBC}") = "HelloWorldApplication", "HelloWorldApplication\HelloWorldApplication.csproj", "{6758B74B-A902-4FA4-B72D-692198842AB2}"
EndProject
Global
	GlobalSection(SolutionConfigurationPlatforms) = preSolution
		Debug|Any CPU = Debug|Any CPU
		Release|Any CPU = Release|Any CPU
	EndGlobalSection
	GlobalSection(ProjectConfigurationPlatforms) = postSolution
		{6758B74B-A902-4FA4-B72D-692198842AB2}.Debug|Any CPU.ActiveCfg = Debug|Any CPU
		{6758B74B-A902-4FA4-B72D-692198842AB2}.Debug|Any CPU.Build.0 = Debug|Any CPU
		{6758B74B-A902-4FA4-B72D-692198842AB2}.Release|Any CPU.ActiveCfg = Release|Any CPU
		{6758B74B-A902-4FA4-B72D-692198842AB2}.Release|Any CPU.Build.0 = Release|Any CPU
	EndGlobalSection
	GlobalSection(SolutionProperties) = preSolution
		HideSolutionNode = FALSE
	EndGlobalSection
	GlobalSection(ExtensibilityGlobals) = postSolution
		SolutionGuid = {88DF3376-5285-4615-AC28-78383F9C3E2B}
	EndGlobalSection
EndGlobal
